
Microsoft Visual Studio Solution File, Format Version 12.00
# Visual Studio Version 17
VisualStudioVersion = 17.0.31903.59
MinimumVisualStudioVersion = 10.0.40219.1
Project("{FAE04EC0-301F-11D3-BF4B-00C04F79EFBC}") = "TMSLesson10", "TMSLesson10\TMSLesson10.csproj", "{6B8F48C7-60EE-4F2B-85EC-EBBE6411A2F8}"
EndProject
Global
	GlobalSection(SolutionConfigurationPlatforms) = preSolution
		Debug|Any CPU = Debug|Any CPU
		Release|Any CPU = Release|Any CPU
	EndGlobalSection
	GlobalSection(ProjectConfigurationPlatforms) = postSolution
		{6B8F48C7-60EE-4F2B-85EC-EBBE6411A2F8}.Debug|Any CPU.ActiveCfg = Debug|Any CPU
		{6B8F48C7-60EE-4F2B-85EC-EBBE6411A2F8}.Debug|Any CPU.Build.0 = Debug|Any CPU
		{6B8F48C7-60EE-4F2B-85EC-EBBE6411A2F8}.Release|Any CPU.ActiveCfg = Release|Any CPU
		{6B8F48C7-60EE-4F2B-85EC-EBBE6411A2F8}.Release|Any CPU.Build.0 = Release|Any CPU
	EndGlobalSection
	GlobalSection(SolutionProperties) = preSolution
		HideSolutionNode = FALSE
	EndGlobalSection
	GlobalSection(ExtensibilityGlobals) = postSolution
		SolutionGuid = {79767DAF-8FF4-4DDD-B25C-F3FE7648A61B}
	EndGlobalSection
EndGlobal
